// !$*UTF8*$!
{
	archiveVersion = 1;
	classes = {
	};
	objectVersion = 56;
	objects = {

/* Begin PBXBuildFile section */
		4FF6D85D2B0B6254008B0B19 /* SIPExampleApp.swift in Sources */ = {isa = PBXBuildFile; fileRef = 4FF6D85C2B0B6254008B0B19 /* SIPExampleApp.swift */; };
		4FF6D85F2B0B6254008B0B19 /* SIPNavigationView.swift in Sources */ = {isa = PBXBuildFile; fileRef = 4FF6D85E2B0B6254008B0B19 /* SIPNavigationView.swift */; };
		4FF6D8612B0B6255008B0B19 /* Assets.xcassets in Resources */ = {isa = PBXBuildFile; fileRef = 4FF6D8602B0B6255008B0B19 /* Assets.xcassets */; };
		4FF6D8652B0B6255008B0B19 /* Preview Assets.xcassets in Resources */ = {isa = PBXBuildFile; fileRef = 4FF6D8642B0B6255008B0B19 /* Preview Assets.xcassets */; };
		4FF6D86F2B0B6255008B0B19 /* SIPExampleTests.swift in Sources */ = {isa = PBXBuildFile; fileRef = 4FF6D86E2B0B6255008B0B19 /* SIPExampleTests.swift */; };
		4FF6D8792B0B6255008B0B19 /* SIPExampleUITests.swift in Sources */ = {isa = PBXBuildFile; fileRef = 4FF6D8782B0B6255008B0B19 /* SIPExampleUITests.swift */; };
		4FF6D87B2B0B6255008B0B19 /* SIPExampleUITestsLaunchTests.swift in Sources */ = {isa = PBXBuildFile; fileRef = 4FF6D87A2B0B6255008B0B19 /* SIPExampleUITestsLaunchTests.swift */; };
		4FF6D88B2B0B632A008B0B19 /* HomeView.swift in Sources */ = {isa = PBXBuildFile; fileRef = 4FF6D88A2B0B632A008B0B19 /* HomeView.swift */; };
		4FF6D88F2B0B6384008B0B19 /* Menu.swift in Sources */ = {isa = PBXBuildFile; fileRef = 4FF6D88E2B0B6384008B0B19 /* Menu.swift */; };
		4FF6D8922B0B6956008B0B19 /* Localizable.xcstrings in Resources */ = {isa = PBXBuildFile; fileRef = 4FF6D8912B0B6956008B0B19 /* Localizable.xcstrings */; };
		4FF6D8952B0B6F53008B0B19 /* IntroductionView.swift in Sources */ = {isa = PBXBuildFile; fileRef = 4FF6D8942B0B6F53008B0B19 /* IntroductionView.swift */; };
		4FF6D8982B0B73BA008B0B19 /* MenuDetailView.swift in Sources */ = {isa = PBXBuildFile; fileRef = 4FF6D8972B0B73BA008B0B19 /* MenuDetailView.swift */; };
		4FF6D89B2B0B75CD008B0B19 /* BulletList.swift in Sources */ = {isa = PBXBuildFile; fileRef = 4FF6D89A2B0B75CD008B0B19 /* BulletList.swift */; };
		4FF6D89F2B0B7CDF008B0B19 /* SIPReallifeView.swift in Sources */ = {isa = PBXBuildFile; fileRef = 4FF6D89E2B0B7CDF008B0B19 /* SIPReallifeView.swift */; };
		4FF6D8A12B0B7DF2008B0B19 /* ReallifeSlide.swift in Sources */ = {isa = PBXBuildFile; fileRef = 4FF6D8A02B0B7DF2008B0B19 /* ReallifeSlide.swift */; };
		4FF6D8A52B0B8090008B0B19 /* SIPReallifeSlides.swift in Sources */ = {isa = PBXBuildFile; fileRef = 4FF6D8A42B0B8090008B0B19 /* SIPReallifeSlides.swift */; };
/* End PBXBuildFile section */

/* Begin PBXContainerItemProxy section */
		4FF6D86B2B0B6255008B0B19 /* PBXContainerItemProxy */ = {
			isa = PBXContainerItemProxy;
			containerPortal = 4FF6D8512B0B6254008B0B19 /* Project object */;
			proxyType = 1;
			remoteGlobalIDString = 4FF6D8582B0B6254008B0B19;
			remoteInfo = SIPExample;
		};
		4FF6D8752B0B6255008B0B19 /* PBXContainerItemProxy */ = {
			isa = PBXContainerItemProxy;
			containerPortal = 4FF6D8512B0B6254008B0B19 /* Project object */;
			proxyType = 1;
			remoteGlobalIDString = 4FF6D8582B0B6254008B0B19;
			remoteInfo = SIPExample;
		};
/* End PBXContainerItemProxy section */

/* Begin PBXFileReference section */
		4FF6D8592B0B6254008B0B19 /* SIPExample.app */ = {isa = PBXFileReference; explicitFileType = wrapper.application; includeInIndex = 0; path = SIPExample.app; sourceTree = BUILT_PRODUCTS_DIR; };
		4FF6D85C2B0B6254008B0B19 /* SIPExampleApp.swift */ = {isa = PBXFileReference; lastKnownFileType = sourcecode.swift; path = SIPExampleApp.swift; sourceTree = "<group>"; };
		4FF6D85E2B0B6254008B0B19 /* SIPNavigationView.swift */ = {isa = PBXFileReference; lastKnownFileType = sourcecode.swift; path = SIPNavigationView.swift; sourceTree = "<group>"; };
		4FF6D8602B0B6255008B0B19 /* Assets.xcassets */ = {isa = PBXFileReference; lastKnownFileType = folder.assetcatalog; path = Assets.xcassets; sourceTree = "<group>"; };
		4FF6D8622B0B6255008B0B19 /* SIPExample.entitlements */ = {isa = PBXFileReference; lastKnownFileType = text.plist.entitlements; path = SIPExample.entitlements; sourceTree = "<group>"; };
		4FF6D8642B0B6255008B0B19 /* Preview Assets.xcassets */ = {isa = PBXFileReference; lastKnownFileType = folder.assetcatalog; path = "Preview Assets.xcassets"; sourceTree = "<group>"; };
		4FF6D86A2B0B6255008B0B19 /* SIPExampleTests.xctest */ = {isa = PBXFileReference; explicitFileType = wrapper.cfbundle; includeInIndex = 0; path = SIPExampleTests.xctest; sourceTree = BUILT_PRODUCTS_DIR; };
		4FF6D86E2B0B6255008B0B19 /* SIPExampleTests.swift */ = {isa = PBXFileReference; lastKnownFileType = sourcecode.swift; path = SIPExampleTests.swift; sourceTree = "<group>"; };
		4FF6D8742B0B6255008B0B19 /* SIPExampleUITests.xctest */ = {isa = PBXFileReference; explicitFileType = wrapper.cfbundle; includeInIndex = 0; path = SIPExampleUITests.xctest; sourceTree = BUILT_PRODUCTS_DIR; };
		4FF6D8782B0B6255008B0B19 /* SIPExampleUITests.swift */ = {isa = PBXFileReference; lastKnownFileType = sourcecode.swift; path = SIPExampleUITests.swift; sourceTree = "<group>"; };
		4FF6D87A2B0B6255008B0B19 /* SIPExampleUITestsLaunchTests.swift */ = {isa = PBXFileReference; lastKnownFileType = sourcecode.swift; path = SIPExampleUITestsLaunchTests.swift; sourceTree = "<group>"; };
		4FF6D88A2B0B632A008B0B19 /* HomeView.swift */ = {isa = PBXFileReference; lastKnownFileType = sourcecode.swift; path = HomeView.swift; sourceTree = "<group>"; };
		4FF6D88E2B0B6384008B0B19 /* Menu.swift */ = {isa = PBXFileReference; lastKnownFileType = sourcecode.swift; path = Menu.swift; sourceTree = "<group>"; };
		4FF6D8912B0B6956008B0B19 /* Localizable.xcstrings */ = {isa = PBXFileReference; lastKnownFileType = text.json.xcstrings; path = Localizable.xcstrings; sourceTree = "<group>"; };
		4FF6D8942B0B6F53008B0B19 /* IntroductionView.swift */ = {isa = PBXFileReference; lastKnownFileType = sourcecode.swift; path = IntroductionView.swift; sourceTree = "<group>"; };
		4FF6D8972B0B73BA008B0B19 /* MenuDetailView.swift */ = {isa = PBXFileReference; lastKnownFileType = sourcecode.swift; path = MenuDetailView.swift; sourceTree = "<group>"; };
		4FF6D89A2B0B75CD008B0B19 /* BulletList.swift */ = {isa = PBXFileReference; lastKnownFileType = sourcecode.swift; path = BulletList.swift; sourceTree = "<group>"; };
		4FF6D89E2B0B7CDF008B0B19 /* SIPReallifeView.swift */ = {isa = PBXFileReference; lastKnownFileType = sourcecode.swift; path = SIPReallifeView.swift; sourceTree = "<group>"; };
		4FF6D8A02B0B7DF2008B0B19 /* ReallifeSlide.swift */ = {isa = PBXFileReference; lastKnownFileType = sourcecode.swift; path = ReallifeSlide.swift; sourceTree = "<group>"; };
		4FF6D8A42B0B8090008B0B19 /* SIPReallifeSlides.swift */ = {isa = PBXFileReference; lastKnownFileType = sourcecode.swift; path = SIPReallifeSlides.swift; sourceTree = "<group>"; };
/* End PBXFileReference section */

/* Begin PBXFrameworksBuildPhase section */
		4FF6D8562B0B6254008B0B19 /* Frameworks */ = {
			isa = PBXFrameworksBuildPhase;
			buildActionMask = 2147483647;
			files = (
			);
			runOnlyForDeploymentPostprocessing = 0;
		};
		4FF6D8672B0B6255008B0B19 /* Frameworks */ = {
			isa = PBXFrameworksBuildPhase;
			buildActionMask = 2147483647;
			files = (
			);
			runOnlyForDeploymentPostprocessing = 0;
		};
		4FF6D8712B0B6255008B0B19 /* Frameworks */ = {
			isa = PBXFrameworksBuildPhase;
			buildActionMask = 2147483647;
			files = (
			);
			runOnlyForDeploymentPostprocessing = 0;
		};
/* End PBXFrameworksBuildPhase section */

/* Begin PBXGroup section */
		4FF6D8502B0B6254008B0B19 = {
			isa = PBXGroup;
			children = (
				4FF6D85B2B0B6254008B0B19 /* SIPExample */,
				4FF6D86D2B0B6255008B0B19 /* SIPExampleTests */,
				4FF6D8772B0B6255008B0B19 /* SIPExampleUITests */,
				4FF6D85A2B0B6254008B0B19 /* Products */,
			);
			sourceTree = "<group>";
		};
		4FF6D85A2B0B6254008B0B19 /* Products */ = {
			isa = PBXGroup;
			children = (
				4FF6D8592B0B6254008B0B19 /* SIPExample.app */,
				4FF6D86A2B0B6255008B0B19 /* SIPExampleTests.xctest */,
				4FF6D8742B0B6255008B0B19 /* SIPExampleUITests.xctest */,
			);
			name = Products;
			sourceTree = "<group>";
		};
		4FF6D85B2B0B6254008B0B19 /* SIPExample */ = {
			isa = PBXGroup;
			children = (
				4FF6D89C2B0B7CCA008B0B19 /* SIP */,
				4FF6D8962B0B73AF008B0B19 /* Menu */,
				4FF6D8932B0B6F40008B0B19 /* Introduction */,
				4FF6D8892B0B631F008B0B19 /* Home */,
				4FF6D8882B0B6260008B0B19 /* Navigation */,
				4FF6D8872B0B625A008B0B19 /* Utils */,
				4FF6D85C2B0B6254008B0B19 /* SIPExampleApp.swift */,
				4FF6D8602B0B6255008B0B19 /* Assets.xcassets */,
				4FF6D8622B0B6255008B0B19 /* SIPExample.entitlements */,
				4FF6D8632B0B6255008B0B19 /* Preview Content */,
			);
			path = SIPExample;
			sourceTree = "<group>";
		};
		4FF6D8632B0B6255008B0B19 /* Preview Content */ = {
			isa = PBXGroup;
			children = (
				4FF6D8642B0B6255008B0B19 /* Preview Assets.xcassets */,
			);
			path = "Preview Content";
			sourceTree = "<group>";
		};
		4FF6D86D2B0B6255008B0B19 /* SIPExampleTests */ = {
			isa = PBXGroup;
			children = (
				4FF6D86E2B0B6255008B0B19 /* SIPExampleTests.swift */,
			);
			path = SIPExampleTests;
			sourceTree = "<group>";
		};
		4FF6D8772B0B6255008B0B19 /* SIPExampleUITests */ = {
			isa = PBXGroup;
			children = (
				4FF6D8782B0B6255008B0B19 /* SIPExampleUITests.swift */,
				4FF6D87A2B0B6255008B0B19 /* SIPExampleUITestsLaunchTests.swift */,
			);
			path = SIPExampleUITests;
			sourceTree = "<group>";
		};
		4FF6D8872B0B625A008B0B19 /* Utils */ = {
			isa = PBXGroup;
			children = (
				4FF6D8992B0B75C4008B0B19 /* UIComponents */,
				4FF6D8902B0B694C008B0B19 /* Translations */,
			);
			path = Utils;
			sourceTree = "<group>";
		};
		4FF6D8882B0B6260008B0B19 /* Navigation */ = {
			isa = PBXGroup;
			children = (
				4FF6D85E2B0B6254008B0B19 /* SIPNavigationView.swift */,
			);
			path = Navigation;
			sourceTree = "<group>";
		};
		4FF6D8892B0B631F008B0B19 /* Home */ = {
			isa = PBXGroup;
			children = (
				4FF6D88A2B0B632A008B0B19 /* HomeView.swift */,
			);
			path = Home;
			sourceTree = "<group>";
		};
		4FF6D8902B0B694C008B0B19 /* Translations */ = {
			isa = PBXGroup;
			children = (
				4FF6D8912B0B6956008B0B19 /* Localizable.xcstrings */,
			);
			path = Translations;
			sourceTree = "<group>";
		};
		4FF6D8932B0B6F40008B0B19 /* Introduction */ = {
			isa = PBXGroup;
			children = (
				4FF6D8942B0B6F53008B0B19 /* IntroductionView.swift */,
			);
			path = Introduction;
			sourceTree = "<group>";
		};
		4FF6D8962B0B73AF008B0B19 /* Menu */ = {
			isa = PBXGroup;
			children = (
				4FF6D88E2B0B6384008B0B19 /* Menu.swift */,
				4FF6D8972B0B73BA008B0B19 /* MenuDetailView.swift */,
			);
			path = Menu;
			sourceTree = "<group>";
		};
		4FF6D8992B0B75C4008B0B19 /* UIComponents */ = {
			isa = PBXGroup;
			children = (
				4FF6D89A2B0B75CD008B0B19 /* BulletList.swift */,
			);
			path = UIComponents;
			sourceTree = "<group>";
		};
		4FF6D89C2B0B7CCA008B0B19 /* SIP */ = {
			isa = PBXGroup;
			children = (
				4FF6D89E2B0B7CDF008B0B19 /* SIPReallifeView.swift */,
				4FF6D8A02B0B7DF2008B0B19 /* ReallifeSlide.swift */,
				4FF6D8A42B0B8090008B0B19 /* SIPReallifeSlides.swift */,
			);
			path = SIP;
			sourceTree = "<group>";
		};
/* End PBXGroup section */

/* Begin PBXNativeTarget section */
		4FF6D8582B0B6254008B0B19 /* SIPExample */ = {
			isa = PBXNativeTarget;
			buildConfigurationList = 4FF6D87E2B0B6255008B0B19 /* Build configuration list for PBXNativeTarget "SIPExample" */;
			buildPhases = (
				4FF6D8552B0B6254008B0B19 /* Sources */,
				4FF6D8562B0B6254008B0B19 /* Frameworks */,
				4FF6D8572B0B6254008B0B19 /* Resources */,
			);
			buildRules = (
			);
			dependencies = (
			);
			name = SIPExample;
			productName = SIPExample;
			productReference = 4FF6D8592B0B6254008B0B19 /* SIPExample.app */;
			productType = "com.apple.product-type.application";
		};
		4FF6D8692B0B6255008B0B19 /* SIPExampleTests */ = {
			isa = PBXNativeTarget;
			buildConfigurationList = 4FF6D8812B0B6255008B0B19 /* Build configuration list for PBXNativeTarget "SIPExampleTests" */;
			buildPhases = (
				4FF6D8662B0B6255008B0B19 /* Sources */,
				4FF6D8672B0B6255008B0B19 /* Frameworks */,
				4FF6D8682B0B6255008B0B19 /* Resources */,
			);
			buildRules = (
			);
			dependencies = (
				4FF6D86C2B0B6255008B0B19 /* PBXTargetDependency */,
			);
			name = SIPExampleTests;
			productName = SIPExampleTests;
			productReference = 4FF6D86A2B0B6255008B0B19 /* SIPExampleTests.xctest */;
			productType = "com.apple.product-type.bundle.unit-test";
		};
		4FF6D8732B0B6255008B0B19 /* SIPExampleUITests */ = {
			isa = PBXNativeTarget;
			buildConfigurationList = 4FF6D8842B0B6255008B0B19 /* Build configuration list for PBXNativeTarget "SIPExampleUITests" */;
			buildPhases = (
				4FF6D8702B0B6255008B0B19 /* Sources */,
				4FF6D8712B0B6255008B0B19 /* Frameworks */,
				4FF6D8722B0B6255008B0B19 /* Resources */,
			);
			buildRules = (
			);
			dependencies = (
				4FF6D8762B0B6255008B0B19 /* PBXTargetDependency */,
			);
			name = SIPExampleUITests;
			productName = SIPExampleUITests;
			productReference = 4FF6D8742B0B6255008B0B19 /* SIPExampleUITests.xctest */;
			productType = "com.apple.product-type.bundle.ui-testing";
		};
/* End PBXNativeTarget section */

/* Begin PBXProject section */
		4FF6D8512B0B6254008B0B19 /* Project object */ = {
			isa = PBXProject;
			attributes = {
				BuildIndependentTargetsInParallel = 1;
				LastSwiftUpdateCheck = 1500;
				LastUpgradeCheck = 1500;
				TargetAttributes = {
					4FF6D8582B0B6254008B0B19 = {
						CreatedOnToolsVersion = 15.0;
					};
					4FF6D8692B0B6255008B0B19 = {
						CreatedOnToolsVersion = 15.0;
						TestTargetID = 4FF6D8582B0B6254008B0B19;
					};
					4FF6D8732B0B6255008B0B19 = {
						CreatedOnToolsVersion = 15.0;
						TestTargetID = 4FF6D8582B0B6254008B0B19;
					};
				};
			};
			buildConfigurationList = 4FF6D8542B0B6254008B0B19 /* Build configuration list for PBXProject "SIPExample" */;
			compatibilityVersion = "Xcode 14.0";
			developmentRegion = en;
			hasScannedForEncodings = 0;
			knownRegions = (
				en,
				Base,
			);
			mainGroup = 4FF6D8502B0B6254008B0B19;
			productRefGroup = 4FF6D85A2B0B6254008B0B19 /* Products */;
			projectDirPath = "";
			projectRoot = "";
			targets = (
				4FF6D8582B0B6254008B0B19 /* SIPExample */,
				4FF6D8692B0B6255008B0B19 /* SIPExampleTests */,
				4FF6D8732B0B6255008B0B19 /* SIPExampleUITests */,
			);
		};
/* End PBXProject section */

/* Begin PBXResourcesBuildPhase section */
		4FF6D8572B0B6254008B0B19 /* Resources */ = {
			isa = PBXResourcesBuildPhase;
			buildActionMask = 2147483647;
			files = (
				4FF6D8652B0B6255008B0B19 /* Preview Assets.xcassets in Resources */,
				4FF6D8612B0B6255008B0B19 /* Assets.xcassets in Resources */,
				4FF6D8922B0B6956008B0B19 /* Localizable.xcstrings in Resources */,
			);
			runOnlyForDeploymentPostprocessing = 0;
		};
		4FF6D8682B0B6255008B0B19 /* Resources */ = {
			isa = PBXResourcesBuildPhase;
			buildActionMask = 2147483647;
			files = (
			);
			runOnlyForDeploymentPostprocessing = 0;
		};
		4FF6D8722B0B6255008B0B19 /* Resources */ = {
			isa = PBXResourcesBuildPhase;
			buildActionMask = 2147483647;
			files = (
			);
			runOnlyForDeploymentPostprocessing = 0;
		};
/* End PBXResourcesBuildPhase section */

/* Begin PBXSourcesBuildPhase section */
		4FF6D8552B0B6254008B0B19 /* Sources */ = {
			isa = PBXSourcesBuildPhase;
			buildActionMask = 2147483647;
			files = (
				4FF6D88B2B0B632A008B0B19 /* HomeView.swift in Sources */,
				4FF6D85F2B0B6254008B0B19 /* SIPNavigationView.swift in Sources */,
				4FF6D85D2B0B6254008B0B19 /* SIPExampleApp.swift in Sources */,
				4FF6D89F2B0B7CDF008B0B19 /* SIPReallifeView.swift in Sources */,
				4FF6D8982B0B73BA008B0B19 /* MenuDetailView.swift in Sources */,
				4FF6D8952B0B6F53008B0B19 /* IntroductionView.swift in Sources */,
				4FF6D8A12B0B7DF2008B0B19 /* ReallifeSlide.swift in Sources */,
				4FF6D89B2B0B75CD008B0B19 /* BulletList.swift in Sources */,
				4FF6D8A52B0B8090008B0B19 /* SIPReallifeSlides.swift in Sources */,
				4FF6D88F2B0B6384008B0B19 /* Menu.swift in Sources */,
			);
			runOnlyForDeploymentPostprocessing = 0;
		};
		4FF6D8662B0B6255008B0B19 /* Sources */ = {
			isa = PBXSourcesBuildPhase;
			buildActionMask = 2147483647;
			files = (
				4FF6D86F2B0B6255008B0B19 /* SIPExampleTests.swift in Sources */,
			);
			runOnlyForDeploymentPostprocessing = 0;
		};
		4FF6D8702B0B6255008B0B19 /* Sources */ = {
			isa = PBXSourcesBuildPhase;
			buildActionMask = 2147483647;
			files = (
				4FF6D87B2B0B6255008B0B19 /* SIPExampleUITestsLaunchTests.swift in Sources */,
				4FF6D8792B0B6255008B0B19 /* SIPExampleUITests.swift in Sources */,
			);
			runOnlyForDeploymentPostprocessing = 0;
		};
/* End PBXSourcesBuildPhase section */

/* Begin PBXTargetDependency section */
		4FF6D86C2B0B6255008B0B19 /* PBXTargetDependency */ = {
			isa = PBXTargetDependency;
			target = 4FF6D8582B0B6254008B0B19 /* SIPExample */;
			targetProxy = 4FF6D86B2B0B6255008B0B19 /* PBXContainerItemProxy */;
		};
		4FF6D8762B0B6255008B0B19 /* PBXTargetDependency */ = {
			isa = PBXTargetDependency;
			target = 4FF6D8582B0B6254008B0B19 /* SIPExample */;
			targetProxy = 4FF6D8752B0B6255008B0B19 /* PBXContainerItemProxy */;
		};
/* End PBXTargetDependency section */

/* Begin XCBuildConfiguration section */
		4FF6D87C2B0B6255008B0B19 /* Debug */ = {
			isa = XCBuildConfiguration;
			buildSettings = {
				ALWAYS_SEARCH_USER_PATHS = NO;
				ASSETCATALOG_COMPILER_GENERATE_SWIFT_ASSET_SYMBOL_EXTENSIONS = YES;
				CLANG_ANALYZER_NONNULL = YES;
				CLANG_ANALYZER_NUMBER_OBJECT_CONVERSION = YES_AGGRESSIVE;
				CLANG_CXX_LANGUAGE_STANDARD = "gnu++20";
				CLANG_ENABLE_MODULES = YES;
				CLANG_ENABLE_OBJC_ARC = YES;
				CLANG_ENABLE_OBJC_WEAK = YES;
				CLANG_WARN_BLOCK_CAPTURE_AUTORELEASING = YES;
				CLANG_WARN_BOOL_CONVERSION = YES;
				CLANG_WARN_COMMA = YES;
				CLANG_WARN_CONSTANT_CONVERSION = YES;
				CLANG_WARN_DEPRECATED_OBJC_IMPLEMENTATIONS = YES;
				CLANG_WARN_DIRECT_OBJC_ISA_USAGE = YES_ERROR;
				CLANG_WARN_DOCUMENTATION_COMMENTS = YES;
				CLANG_WARN_EMPTY_BODY = YES;
				CLANG_WARN_ENUM_CONVERSION = YES;
				CLANG_WARN_INFINITE_RECURSION = YES;
				CLANG_WARN_INT_CONVERSION = YES;
				CLANG_WARN_NON_LITERAL_NULL_CONVERSION = YES;
				CLANG_WARN_OBJC_IMPLICIT_RETAIN_SELF = YES;
				CLANG_WARN_OBJC_LITERAL_CONVERSION = YES;
				CLANG_WARN_OBJC_ROOT_CLASS = YES_ERROR;
				CLANG_WARN_QUOTED_INCLUDE_IN_FRAMEWORK_HEADER = YES;
				CLANG_WARN_RANGE_LOOP_ANALYSIS = YES;
				CLANG_WARN_STRICT_PROTOTYPES = YES;
				CLANG_WARN_SUSPICIOUS_MOVE = YES;
				CLANG_WARN_UNGUARDED_AVAILABILITY = YES_AGGRESSIVE;
				CLANG_WARN_UNREACHABLE_CODE = YES;
				CLANG_WARN__DUPLICATE_METHOD_MATCH = YES;
				COPY_PHASE_STRIP = NO;
				DEBUG_INFORMATION_FORMAT = dwarf;
				ENABLE_STRICT_OBJC_MSGSEND = YES;
				ENABLE_TESTABILITY = YES;
				ENABLE_USER_SCRIPT_SANDBOXING = YES;
				GCC_C_LANGUAGE_STANDARD = gnu17;
				GCC_DYNAMIC_NO_PIC = NO;
				GCC_NO_COMMON_BLOCKS = YES;
				GCC_OPTIMIZATION_LEVEL = 0;
				GCC_PREPROCESSOR_DEFINITIONS = (
					"DEBUG=1",
					"$(inherited)",
				);
				GCC_WARN_64_TO_32_BIT_CONVERSION = YES;
				GCC_WARN_ABOUT_RETURN_TYPE = YES_ERROR;
				GCC_WARN_UNDECLARED_SELECTOR = YES;
				GCC_WARN_UNINITIALIZED_AUTOS = YES_AGGRESSIVE;
				GCC_WARN_UNUSED_FUNCTION = YES;
				GCC_WARN_UNUSED_VARIABLE = YES;
				LOCALIZATION_PREFERS_STRING_CATALOGS = YES;
				MTL_ENABLE_DEBUG_INFO = INCLUDE_SOURCE;
				MTL_FAST_MATH = YES;
				ONLY_ACTIVE_ARCH = YES;
				SWIFT_ACTIVE_COMPILATION_CONDITIONS = "DEBUG $(inherited)";
				SWIFT_OPTIMIZATION_LEVEL = "-Onone";
			};
			name = Debug;
		};
		4FF6D87D2B0B6255008B0B19 /* Release */ = {
			isa = XCBuildConfiguration;
			buildSettings = {
				ALWAYS_SEARCH_USER_PATHS = NO;
				ASSETCATALOG_COMPILER_GENERATE_SWIFT_ASSET_SYMBOL_EXTENSIONS = YES;
				CLANG_ANALYZER_NONNULL = YES;
				CLANG_ANALYZER_NUMBER_OBJECT_CONVERSION = YES_AGGRESSIVE;
				CLANG_CXX_LANGUAGE_STANDARD = "gnu++20";
				CLANG_ENABLE_MODULES = YES;
				CLANG_ENABLE_OBJC_ARC = YES;
				CLANG_ENABLE_OBJC_WEAK = YES;
				CLANG_WARN_BLOCK_CAPTURE_AUTORELEASING = YES;
				CLANG_WARN_BOOL_CONVERSION = YES;
				CLANG_WARN_COMMA = YES;
				CLANG_WARN_CONSTANT_CONVERSION = YES;
				CLANG_WARN_DEPRECATED_OBJC_IMPLEMENTATIONS = YES;
				CLANG_WARN_DIRECT_OBJC_ISA_USAGE = YES_ERROR;
				CLANG_WARN_DOCUMENTATION_COMMENTS = YES;
				CLANG_WARN_EMPTY_BODY = YES;
				CLANG_WARN_ENUM_CONVERSION = YES;
				CLANG_WARN_INFINITE_RECURSION = YES;
				CLANG_WARN_INT_CONVERSION = YES;
				CLANG_WARN_NON_LITERAL_NULL_CONVERSION = YES;
				CLANG_WARN_OBJC_IMPLICIT_RETAIN_SELF = YES;
				CLANG_WARN_OBJC_LITERAL_CONVERSION = YES;
				CLANG_WARN_OBJC_ROOT_CLASS = YES_ERROR;
				CLANG_WARN_QUOTED_INCLUDE_IN_FRAMEWORK_HEADER = YES;
				CLANG_WARN_RANGE_LOOP_ANALYSIS = YES;
				CLANG_WARN_STRICT_PROTOTYPES = YES;
				CLANG_WARN_SUSPICIOUS_MOVE = YES;
				CLANG_WARN_UNGUARDED_AVAILABILITY = YES_AGGRESSIVE;
				CLANG_WARN_UNREACHABLE_CODE = YES;
				CLANG_WARN__DUPLICATE_METHOD_MATCH = YES;
				COPY_PHASE_STRIP = NO;
				DEBUG_INFORMATION_FORMAT = "dwarf-with-dsym";
				ENABLE_NS_ASSERTIONS = NO;
				ENABLE_STRICT_OBJC_MSGSEND = YES;
				ENABLE_USER_SCRIPT_SANDBOXING = YES;
				GCC_C_LANGUAGE_STANDARD = gnu17;
				GCC_NO_COMMON_BLOCKS = YES;
				GCC_WARN_64_TO_32_BIT_CONVERSION = YES;
				GCC_WARN_ABOUT_RETURN_TYPE = YES_ERROR;
				GCC_WARN_UNDECLARED_SELECTOR = YES;
				GCC_WARN_UNINITIALIZED_AUTOS = YES_AGGRESSIVE;
				GCC_WARN_UNUSED_FUNCTION = YES;
				GCC_WARN_UNUSED_VARIABLE = YES;
				LOCALIZATION_PREFERS_STRING_CATALOGS = YES;
				MTL_ENABLE_DEBUG_INFO = NO;
				MTL_FAST_MATH = YES;
				SWIFT_COMPILATION_MODE = wholemodule;
			};
			name = Release;
		};
		4FF6D87F2B0B6255008B0B19 /* Debug */ = {
			isa = XCBuildConfiguration;
			buildSettings = {
				ASSETCATALOG_COMPILER_APPICON_NAME = AppIcon;
				ASSETCATALOG_COMPILER_GLOBAL_ACCENT_COLOR_NAME = AccentColor;
				CODE_SIGN_ENTITLEMENTS = SIPExample/SIPExample.entitlements;
				CODE_SIGN_STYLE = Automatic;
				CURRENT_PROJECT_VERSION = 1;
				DEVELOPMENT_ASSET_PATHS = "\"SIPExample/Preview Content\"";
				DEVELOPMENT_TEAM = PSU9VZHG7L;
				ENABLE_HARDENED_RUNTIME = YES;
				ENABLE_PREVIEWS = YES;
				GENERATE_INFOPLIST_FILE = YES;
				"INFOPLIST_KEY_UIApplicationSceneManifest_Generation[sdk=iphoneos*]" = YES;
				"INFOPLIST_KEY_UIApplicationSceneManifest_Generation[sdk=iphonesimulator*]" = YES;
				"INFOPLIST_KEY_UIApplicationSupportsIndirectInputEvents[sdk=iphoneos*]" = YES;
				"INFOPLIST_KEY_UIApplicationSupportsIndirectInputEvents[sdk=iphonesimulator*]" = YES;
				"INFOPLIST_KEY_UILaunchScreen_Generation[sdk=iphoneos*]" = YES;
				"INFOPLIST_KEY_UILaunchScreen_Generation[sdk=iphonesimulator*]" = YES;
				"INFOPLIST_KEY_UIStatusBarStyle[sdk=iphoneos*]" = UIStatusBarStyleDefault;
				"INFOPLIST_KEY_UIStatusBarStyle[sdk=iphonesimulator*]" = UIStatusBarStyleDefault;
				INFOPLIST_KEY_UISupportedInterfaceOrientations_iPad = "UIInterfaceOrientationPortrait UIInterfaceOrientationPortraitUpsideDown UIInterfaceOrientationLandscapeLeft UIInterfaceOrientationLandscapeRight";
				INFOPLIST_KEY_UISupportedInterfaceOrientations_iPhone = "UIInterfaceOrientationPortrait UIInterfaceOrientationLandscapeLeft UIInterfaceOrientationLandscapeRight";
				IPHONEOS_DEPLOYMENT_TARGET = 17.0;
				LD_RUNPATH_SEARCH_PATHS = "@executable_path/Frameworks";
				"LD_RUNPATH_SEARCH_PATHS[sdk=macosx*]" = "@executable_path/../Frameworks";
				MACOSX_DEPLOYMENT_TARGET = 14.0;
				MARKETING_VERSION = 1.0;
				PRODUCT_BUNDLE_IDENTIFIER = io.zwicker.SIPExample;
				PRODUCT_NAME = "$(TARGET_NAME)";
				SDKROOT = auto;
				SUPPORTED_PLATFORMS = "iphoneos iphonesimulator macosx";
				SWIFT_EMIT_LOC_STRINGS = YES;
				SWIFT_VERSION = 5.0;
				TARGETED_DEVICE_FAMILY = "1,2";
			};
			name = Debug;
		};
		4FF6D8802B0B6255008B0B19 /* Release */ = {
			isa = XCBuildConfiguration;
			buildSettings = {
				ASSETCATALOG_COMPILER_APPICON_NAME = AppIcon;
				ASSETCATALOG_COMPILER_GLOBAL_ACCENT_COLOR_NAME = AccentColor;
				CODE_SIGN_ENTITLEMENTS = SIPExample/SIPExample.entitlements;
				CODE_SIGN_STYLE = Automatic;
				CURRENT_PROJECT_VERSION = 1;
				DEVELOPMENT_ASSET_PATHS = "\"SIPExample/Preview Content\"";
				DEVELOPMENT_TEAM = PSU9VZHG7L;
				ENABLE_HARDENED_RUNTIME = YES;
				ENABLE_PREVIEWS = YES;
				GENERATE_INFOPLIST_FILE = YES;
				"INFOPLIST_KEY_UIApplicationSceneManifest_Generation[sdk=iphoneos*]" = YES;
				"INFOPLIST_KEY_UIApplicationSceneManifest_Generation[sdk=iphonesimulator*]" = YES;
				"INFOPLIST_KEY_UIApplicationSupportsIndirectInputEvents[sdk=iphoneos*]" = YES;
				"INFOPLIST_KEY_UIApplicationSupportsIndirectInputEvents[sdk=iphonesimulator*]" = YES;
				"INFOPLIST_KEY_UILaunchScreen_Generation[sdk=iphoneos*]" = YES;
				"INFOPLIST_KEY_UILaunchScreen_Generation[sdk=iphonesimulator*]" = YES;
				"INFOPLIST_KEY_UIStatusBarStyle[sdk=iphoneos*]" = UIStatusBarStyleDefault;
				"INFOPLIST_KEY_UIStatusBarStyle[sdk=iphonesimulator*]" = UIStatusBarStyleDefault;
				INFOPLIST_KEY_UISupportedInterfaceOrientations_iPad = "UIInterfaceOrientationPortrait UIInterfaceOrientationPortraitUpsideDown UIInterfaceOrientationLandscapeLeft UIInterfaceOrientationLandscapeRight";
				INFOPLIST_KEY_UISupportedInterfaceOrientations_iPhone = "UIInterfaceOrientationPortrait UIInterfaceOrientationLandscapeLeft UIInterfaceOrientationLandscapeRight";
				IPHONEOS_DEPLOYMENT_TARGET = 17.0;
				LD_RUNPATH_SEARCH_PATHS = "@executable_path/Frameworks";
				"LD_RUNPATH_SEARCH_PATHS[sdk=macosx*]" = "@executable_path/../Frameworks";
				MACOSX_DEPLOYMENT_TARGET = 14.0;
				MARKETING_VERSION = 1.0;
				PRODUCT_BUNDLE_IDENTIFIER = io.zwicker.SIPExample;
				PRODUCT_NAME = "$(TARGET_NAME)";
				SDKROOT = auto;
				SUPPORTED_PLATFORMS = "iphoneos iphonesimulator macosx";
				SWIFT_EMIT_LOC_STRINGS = YES;
				SWIFT_VERSION = 5.0;
				TARGETED_DEVICE_FAMILY = "1,2";
			};
			name = Release;
		};
		4FF6D8822B0B6255008B0B19 /* Debug */ = {
			isa = XCBuildConfiguration;
			buildSettings = {
				ALWAYS_EMBED_SWIFT_STANDARD_LIBRARIES = YES;
				BUNDLE_LOADER = "$(TEST_HOST)";
				CODE_SIGN_STYLE = Automatic;
				CURRENT_PROJECT_VERSION = 1;
				DEVELOPMENT_TEAM = PSU9VZHG7L;
				GENERATE_INFOPLIST_FILE = YES;
				IPHONEOS_DEPLOYMENT_TARGET = 17.0;
				MACOSX_DEPLOYMENT_TARGET = 14.0;
				MARKETING_VERSION = 1.0;
				PRODUCT_BUNDLE_IDENTIFIER = io.zwicker.SIPExampleTests;
				PRODUCT_NAME = "$(TARGET_NAME)";
				SDKROOT = auto;
				SUPPORTED_PLATFORMS = "iphoneos iphonesimulator macosx";
				SWIFT_EMIT_LOC_STRINGS = NO;
				SWIFT_VERSION = 5.0;
				TARGETED_DEVICE_FAMILY = "1,2";
				TEST_HOST = "$(BUILT_PRODUCTS_DIR)/SIPExample.app/$(BUNDLE_EXECUTABLE_FOLDER_PATH)/SIPExample";
			};
			name = Debug;
		};
		4FF6D8832B0B6255008B0B19 /* Release */ = {
			isa = XCBuildConfiguration;
			buildSettings = {
				ALWAYS_EMBED_SWIFT_STANDARD_LIBRARIES = YES;
				BUNDLE_LOADER = "$(TEST_HOST)";
				CODE_SIGN_STYLE = Automatic;
				CURRENT_PROJECT_VERSION = 1;
				DEVELOPMENT_TEAM = PSU9VZHG7L;
				GENERATE_INFOPLIST_FILE = YES;
				IPHONEOS_DEPLOYMENT_TARGET = 17.0;
				MACOSX_DEPLOYMENT_TARGET = 14.0;
				MARKETING_VERSION = 1.0;
				PRODUCT_BUNDLE_IDENTIFIER = io.zwicker.SIPExampleTests;
				PRODUCT_NAME = "$(TARGET_NAME)";
				SDKROOT = auto;
				SUPPORTED_PLATFORMS = "iphoneos iphonesimulator macosx";
				SWIFT_EMIT_LOC_STRINGS = NO;
				SWIFT_VERSION = 5.0;
				TARGETED_DEVICE_FAMILY = "1,2";
				TEST_HOST = "$(BUILT_PRODUCTS_DIR)/SIPExample.app/$(BUNDLE_EXECUTABLE_FOLDER_PATH)/SIPExample";
			};
			name = Release;
		};
		4FF6D8852B0B6255008B0B19 /* Debug */ = {
			isa = XCBuildConfiguration;
			buildSettings = {
				ALWAYS_EMBED_SWIFT_STANDARD_LIBRARIES = YES;
				CODE_SIGN_STYLE = Automatic;
				CURRENT_PROJECT_VERSION = 1;
				DEVELOPMENT_TEAM = PSU9VZHG7L;
				GENERATE_INFOPLIST_FILE = YES;
				IPHONEOS_DEPLOYMENT_TARGET = 17.0;
				MACOSX_DEPLOYMENT_TARGET = 14.0;
				MARKETING_VERSION = 1.0;
				PRODUCT_BUNDLE_IDENTIFIER = io.zwicker.SIPExampleUITests;
				PRODUCT_NAME = "$(TARGET_NAME)";
				SDKROOT = auto;
				SUPPORTED_PLATFORMS = "iphoneos iphonesimulator macosx";
				SWIFT_EMIT_LOC_STRINGS = NO;
				SWIFT_VERSION = 5.0;
				TARGETED_DEVICE_FAMILY = "1,2";
				TEST_TARGET_NAME = SIPExample;
			};
			name = Debug;
		};
		4FF6D8862B0B6255008B0B19 /* Release */ = {
			isa = XCBuildConfiguration;
			buildSettings = {
				ALWAYS_EMBED_SWIFT_STANDARD_LIBRARIES = YES;
				CODE_SIGN_STYLE = Automatic;
				CURRENT_PROJECT_VERSION = 1;
				DEVELOPMENT_TEAM = PSU9VZHG7L;
				GENERATE_INFOPLIST_FILE = YES;
				IPHONEOS_DEPLOYMENT_TARGET = 17.0;
				MACOSX_DEPLOYMENT_TARGET = 14.0;
				MARKETING_VERSION = 1.0;
				PRODUCT_BUNDLE_IDENTIFIER = io.zwicker.SIPExampleUITests;
				PRODUCT_NAME = "$(TARGET_NAME)";
				SDKROOT = auto;
				SUPPORTED_PLATFORMS = "iphoneos iphonesimulator macosx";
				SWIFT_EMIT_LOC_STRINGS = NO;
				SWIFT_VERSION = 5.0;
				TARGETED_DEVICE_FAMILY = "1,2";
				TEST_TARGET_NAME = SIPExample;
			};
			name = Release;
		};
/* End XCBuildConfiguration section */

/* Begin XCConfigurationList section */
		4FF6D8542B0B6254008B0B19 /* Build configuration list for PBXProject "SIPExample" */ = {
			isa = XCConfigurationList;
			buildConfigurations = (
				4FF6D87C2B0B6255008B0B19 /* Debug */,
				4FF6D87D2B0B6255008B0B19 /* Release */,
			);
			defaultConfigurationIsVisible = 0;
			defaultConfigurationName = Release;
		};
		4FF6D87E2B0B6255008B0B19 /* Build configuration list for PBXNativeTarget "SIPExample" */ = {
			isa = XCConfigurationList;
			buildConfigurations = (
				4FF6D87F2B0B6255008B0B19 /* Debug */,
				4FF6D8802B0B6255008B0B19 /* Release */,
			);
			defaultConfigurationIsVisible = 0;
			defaultConfigurationName = Release;
		};
		4FF6D8812B0B6255008B0B19 /* Build configuration list for PBXNativeTarget "SIPExampleTests" */ = {
			isa = XCConfigurationList;
			buildConfigurations = (
				4FF6D8822B0B6255008B0B19 /* Debug */,
				4FF6D8832B0B6255008B0B19 /* Release */,
			);
			defaultConfigurationIsVisible = 0;
			defaultConfigurationName = Release;
		};
		4FF6D8842B0B6255008B0B19 /* Build configuration list for PBXNativeTarget "SIPExampleUITests" */ = {
			isa = XCConfigurationList;
			buildConfigurations = (
				4FF6D8852B0B6255008B0B19 /* Debug */,
				4FF6D8862B0B6255008B0B19 /* Release */,
			);
			defaultConfigurationIsVisible = 0;
			defaultConfigurationName = Release;
		};
/* End XCConfigurationList section */
	};
	rootObject = 4FF6D8512B0B6254008B0B19 /* Project object */;
}
